
Microsoft Visual Studio Solution File, Format Version 11.00
# Visual Studio 2010
Project("{8BC9CEB8-8B4A-11D0-8D11-00A0C91BC942}") = "transfers", "transfers\transfers.vcxproj", "{FAAB2031-F2EC-430E-BA34-EE32639BC2FA}"
EndProject
Project("{8BC9CEB8-8B4A-11D0-8D11-00A0C91BC942}") = "transferc", "transferc\transferc.vcxproj", "{4C027414-1C24-4D67-B97F-96693DB636D7}"
EndProject
Global
	GlobalSection(SolutionConfigurationPlatforms) = preSolution
		Debug|Win32 = Debug|Win32
		Release|Win32 = Release|Win32
	EndGlobalSection
	GlobalSection(ProjectConfigurationPlatforms) = postSolution
		{FAAB2031-F2EC-430E-BA34-EE32639BC2FA}.Debug|Win32.ActiveCfg = Debug|Win32
		{FAAB2031-F2EC-430E-BA34-EE32639BC2FA}.Debug|Win32.Build.0 = Debug|Win32
		{FAAB2031-F2EC-430E-BA34-EE32639BC2FA}.Release|Win32.ActiveCfg = Release|Win32
		{FAAB2031-F2EC-430E-BA34-EE32639BC2FA}.Release|Win32.Build.0 = Release|Win32
		{4C027414-1C24-4D67-B97F-96693DB636D7}.Debug|Win32.ActiveCfg = Debug|Win32
		{4C027414-1C24-4D67-B97F-96693DB636D7}.Debug|Win32.Build.0 = Debug|Win32
		{4C027414-1C24-4D67-B97F-96693DB636D7}.Release|Win32.ActiveCfg = Release|Win32
		{4C027414-1C24-4D67-B97F-96693DB636D7}.Release|Win32.Build.0 = Release|Win32
	EndGlobalSection
	GlobalSection(SolutionProperties) = preSolution
		HideSolutionNode = FALSE
	EndGlobalSection
EndGlobal
